
Microsoft Visual Studio Solution File, Format Version 12.00
Project("{FAE04EC0-301F-11D3-BF4B-00C04F79EFBC}") = "SimEd", "SimEd\SimEd.csproj", "{4754BBAA-C072-4AD1-B994-F97781C8E8B9}"
EndProject
Project("{FAE04EC0-301F-11D3-BF4B-00C04F79EFBC}") = "SimEd.Plugin.Contracts", "SimEd.Plugin.Contracts\SimEd.Plugin.Contracts.csproj", "{D1C1856D-F553-4BF6-A26A-D1D6EB3A00B4}"
EndProject
Project("{FAE04EC0-301F-11D3-BF4B-00C04F79EFBC}") = "SimEd.Models", "SimEd.Models\SimEd.Models.csproj", "{8E869904-B54E-4B82-82B2-445739EC39DD}"
EndProject
Project("{FAE04EC0-301F-11D3-BF4B-00C04F79EFBC}") = "SimEd.Common", "SimEd.Common\SimEd.Common.csproj", "{59FA2ADF-42D7-4C3C-B7DB-5B03449B3536}"
EndProject
Project("{2150E333-8FDC-42A3-9474-1A3956D46DE8}") = "common", "common", "{71CFD877-1245-46F5-ABAE-0A4A2E029BB4}"
	ProjectSection(SolutionItems) = preProject
		Directory.Build.props = Directory.Build.props
	EndProjectSection
EndProject
Project("{2150E333-8FDC-42A3-9474-1A3956D46DE8}") = "Tools", "Tools", "{845DA406-ACB6-4D16-B31F-20880348210A}"
EndProject
Project("{FAE04EC0-301F-11D3-BF4B-00C04F79EFBC}") = "MakeWindowsInstallers", "Tools\MakeWindowsInstallers\MakeWindowsInstallers.csproj", "{09462C9D-7849-44CD-B297-56AEFD8E1D9A}"
EndProject
Project("{2150E333-8FDC-42A3-9474-1A3956D46DE8}") = "Tests", "Tests", "{7B8CB690-414A-4307-8934-5B6CD939739A}"
EndProject
Project("{FAE04EC0-301F-11D3-BF4B-00C04F79EFBC}") = "SimEd.Test", "tests\SimEd.Test\SimEd.Test.csproj", "{D4181778-0C76-43A7-A1A0-26345F6A542D}"
EndProject
Global
	GlobalSection(SolutionConfigurationPlatforms) = preSolution
		Debug|Any CPU = Debug|Any CPU
		Release|Any CPU = Release|Any CPU
	EndGlobalSection
	GlobalSection(ProjectConfigurationPlatforms) = postSolution
		{4754BBAA-C072-4AD1-B994-F97781C8E8B9}.Debug|Any CPU.ActiveCfg = Debug|Any CPU
		{4754BBAA-C072-4AD1-B994-F97781C8E8B9}.Debug|Any CPU.Build.0 = Debug|Any CPU
		{4754BBAA-C072-4AD1-B994-F97781C8E8B9}.Release|Any CPU.ActiveCfg = Release|Any CPU
		{4754BBAA-C072-4AD1-B994-F97781C8E8B9}.Release|Any CPU.Build.0 = Release|Any CPU
		{D1C1856D-F553-4BF6-A26A-D1D6EB3A00B4}.Debug|Any CPU.ActiveCfg = Debug|Any CPU
		{D1C1856D-F553-4BF6-A26A-D1D6EB3A00B4}.Debug|Any CPU.Build.0 = Debug|Any CPU
		{D1C1856D-F553-4BF6-A26A-D1D6EB3A00B4}.Release|Any CPU.ActiveCfg = Release|Any CPU
		{D1C1856D-F553-4BF6-A26A-D1D6EB3A00B4}.Release|Any CPU.Build.0 = Release|Any CPU
		{8E869904-B54E-4B82-82B2-445739EC39DD}.Debug|Any CPU.ActiveCfg = Debug|Any CPU
		{8E869904-B54E-4B82-82B2-445739EC39DD}.Debug|Any CPU.Build.0 = Debug|Any CPU
		{8E869904-B54E-4B82-82B2-445739EC39DD}.Release|Any CPU.ActiveCfg = Release|Any CPU
		{8E869904-B54E-4B82-82B2-445739EC39DD}.Release|Any CPU.Build.0 = Release|Any CPU
		{59FA2ADF-42D7-4C3C-B7DB-5B03449B3536}.Debug|Any CPU.ActiveCfg = Debug|Any CPU
		{59FA2ADF-42D7-4C3C-B7DB-5B03449B3536}.Debug|Any CPU.Build.0 = Debug|Any CPU
		{59FA2ADF-42D7-4C3C-B7DB-5B03449B3536}.Release|Any CPU.ActiveCfg = Release|Any CPU
		{59FA2ADF-42D7-4C3C-B7DB-5B03449B3536}.Release|Any CPU.Build.0 = Release|Any CPU
		{09462C9D-7849-44CD-B297-56AEFD8E1D9A}.Debug|Any CPU.ActiveCfg = Debug|Any CPU
		{09462C9D-7849-44CD-B297-56AEFD8E1D9A}.Debug|Any CPU.Build.0 = Debug|Any CPU
		{09462C9D-7849-44CD-B297-56AEFD8E1D9A}.Release|Any CPU.ActiveCfg = Release|Any CPU
		{09462C9D-7849-44CD-B297-56AEFD8E1D9A}.Release|Any CPU.Build.0 = Release|Any CPU
		{D4181778-0C76-43A7-A1A0-26345F6A542D}.Debug|Any CPU.ActiveCfg = Debug|Any CPU
		{D4181778-0C76-43A7-A1A0-26345F6A542D}.Debug|Any CPU.Build.0 = Debug|Any CPU
		{D4181778-0C76-43A7-A1A0-26345F6A542D}.Release|Any CPU.ActiveCfg = Release|Any CPU
		{D4181778-0C76-43A7-A1A0-26345F6A542D}.Release|Any CPU.Build.0 = Release|Any CPU
	EndGlobalSection
	GlobalSection(NestedProjects) = preSolution
		{09462C9D-7849-44CD-B297-56AEFD8E1D9A} = {845DA406-ACB6-4D16-B31F-20880348210A}
		{D4181778-0C76-43A7-A1A0-26345F6A542D} = {7B8CB690-414A-4307-8934-5B6CD939739A}
	EndGlobalSection
EndGlobal
